// !$*UTF8*$!
{
	archiveVersion = 1;
	classes = {
	};
	objectVersion = 46;
	objects = {

/* Begin PBXBuildFile section */
		007A70D2BDA5BFB53F0910D0 /* Pods_Mezza.framework in Frameworks */ = {isa = PBXBuildFile; fileRef = FDF44A809AC545ADEED69E0C /* Pods_Mezza.framework */; };
		040ED3811E356B8F00611BBD /* OrderStatusPopUpViewController.swift in Sources */ = {isa = PBXBuildFile; fileRef = 040ED3801E356B8F00611BBD /* OrderStatusPopUpViewController.swift */; };
		04135B411E3014FF008B5BED /* FeedItemDetailsViewController.swift in Sources */ = {isa = PBXBuildFile; fileRef = 04135B401E3014FF008B5BED /* FeedItemDetailsViewController.swift */; };
		041A9B6C1E2FF860001108C6 /* Login.storyboard in Resources */ = {isa = PBXBuildFile; fileRef = 041A9B6A1E2FF860001108C6 /* Login.storyboard */; };
		041A9B6F1E2FF893001108C6 /* LoginVC.swift in Sources */ = {isa = PBXBuildFile; fileRef = 041A9B6E1E2FF893001108C6 /* LoginVC.swift */; };
		043399CF1E296724006AA6CD /* ProductModel.swift in Sources */ = {isa = PBXBuildFile; fileRef = 043399CE1E296724006AA6CD /* ProductModel.swift */; };
		049142231E2EA99700C2DC4B /* HomeFeedStoryboard.storyboard in Resources */ = {isa = PBXBuildFile; fileRef = 049142221E2EA99700C2DC4B /* HomeFeedStoryboard.storyboard */; };
		049142261E2EAA5E00C2DC4B /* HomeFeedViewController.swift in Sources */ = {isa = PBXBuildFile; fileRef = 049142251E2EAA5E00C2DC4B /* HomeFeedViewController.swift */; };
		04EB47151E326CF500C3B0F6 /* SizePopUpViewController.swift in Sources */ = {isa = PBXBuildFile; fileRef = 04EB47141E326CF500C3B0F6 /* SizePopUpViewController.swift */; };
		04EB47171E32A20A00C3B0F6 /* OrderDetailsViewController.swift in Sources */ = {isa = PBXBuildFile; fileRef = 04EB47161E32A20A00C3B0F6 /* OrderDetailsViewController.swift */; };
		04EB47191E32F65300C3B0F6 /* OrdersMainViewController.swift in Sources */ = {isa = PBXBuildFile; fileRef = 04EB47181E32F65300C3B0F6 /* OrdersMainViewController.swift */; };
		04EB471B1E32F7F100C3B0F6 /* OrdersTableViewCell.swift in Sources */ = {isa = PBXBuildFile; fileRef = 04EB471A1E32F7F100C3B0F6 /* OrdersTableViewCell.swift */; };
		420F60931E300A9D00D67E58 /* UserFeedStoryboard.storyboard in Resources */ = {isa = PBXBuildFile; fileRef = 420F60921E300A9D00D67E58 /* UserFeedStoryboard.storyboard */; };
		420F60951E300CDD00D67E58 /* InventoryViewController.swift in Sources */ = {isa = PBXBuildFile; fileRef = 420F60941E300CDD00D67E58 /* InventoryViewController.swift */; };
		420F60971E3011E700D67E58 /* InventoryCollectionViewCell.swift in Sources */ = {isa = PBXBuildFile; fileRef = 420F60961E3011E700D67E58 /* InventoryCollectionViewCell.swift */; };
		4287C4561E31595C001EF191 /* UploadInventory.storyboard in Resources */ = {isa = PBXBuildFile; fileRef = 4287C4551E31595C001EF191 /* UploadInventory.storyboard */; };
		4287C4591E324DCA001EF191 /* BuyerOrderFeed.storyboard in Resources */ = {isa = PBXBuildFile; fileRef = 4287C4581E324DCA001EF191 /* BuyerOrderFeed.storyboard */; };
		4287C45D1E32813E001EF191 /* BuyerOrderFeedCell.swift in Sources */ = {isa = PBXBuildFile; fileRef = 4287C45C1E32813E001EF191 /* BuyerOrderFeedCell.swift */; };
		4287C45F1E328C48001EF191 /* Profile.storyboard in Resources */ = {isa = PBXBuildFile; fileRef = 4287C45E1E328C48001EF191 /* Profile.storyboard */; };
		4287C4611E328D9C001EF191 /* ProfileViewController.swift in Sources */ = {isa = PBXBuildFile; fileRef = 4287C4601E328D9C001EF191 /* ProfileViewController.swift */; };
		4287C4631E32A95C001EF191 /* ProfileEditViewController.swift in Sources */ = {isa = PBXBuildFile; fileRef = 4287C4621E32A95C001EF191 /* ProfileEditViewController.swift */; };
		4287C4651E33DCBE001EF191 /* MainTabBarController.swift in Sources */ = {isa = PBXBuildFile; fileRef = 4287C4641E33DCBE001EF191 /* MainTabBarController.swift */; };
		4287C4671E365F86001EF191 /* ItemDetailStoryboard.storyboard in Resources */ = {isa = PBXBuildFile; fileRef = 4287C4661E365F86001EF191 /* ItemDetailStoryboard.storyboard */; };
		42F049101E29672800F45B96 /* Thread.swift in Sources */ = {isa = PBXBuildFile; fileRef = 42F0490F1E29672800F45B96 /* Thread.swift */; };
		842255341E3299BC00D6D7C9 /* EnterSizeViewController.swift in Sources */ = {isa = PBXBuildFile; fileRef = 842255331E3299BC00D6D7C9 /* EnterSizeViewController.swift */; };
		845E576A1E2EC80D00A06511 /* OnBoardingVendor.storyboard in Resources */ = {isa = PBXBuildFile; fileRef = 845E57691E2EC80D00A06511 /* OnBoardingVendor.storyboard */; };
		845E576C1E2EC8A400A06511 /* OnBoardViewController1.swift in Sources */ = {isa = PBXBuildFile; fileRef = 845E576B1E2EC8A400A06511 /* OnBoardViewController1.swift */; };
		845E576E1E2ECAF700A06511 /* OnBoardViewController2.swift in Sources */ = {isa = PBXBuildFile; fileRef = 845E576D1E2ECAF700A06511 /* OnBoardViewController2.swift */; };
		845E57701E2ED9E300A06511 /* OnBoardViewController3.swift in Sources */ = {isa = PBXBuildFile; fileRef = 845E576F1E2ED9E300A06511 /* OnBoardViewController3.swift */; };
		84A33E0D1E319C31007ACFF9 /* ProductUploadViewController.swift in Sources */ = {isa = PBXBuildFile; fileRef = 84A33E0C1E319C31007ACFF9 /* ProductUploadViewController.swift */; };
		84A33E0F1E31A4CD007ACFF9 /* SizeCellTableViewCell.swift in Sources */ = {isa = PBXBuildFile; fileRef = 84A33E0E1E31A4CD007ACFF9 /* SizeCellTableViewCell.swift */; };
		84FE2D361E2967620032E186 /* Order.swift in Sources */ = {isa = PBXBuildFile; fileRef = 84FE2D351E2967620032E186 /* Order.swift */; };
		D0258B0F1E325FDD008E8C5C /* Info.plist in Resources */ = {isa = PBXBuildFile; fileRef = D0258B0E1E325FDD008E8C5C /* Info.plist */; };
		D051A71B1E3111D800A139C9 /* ProductCheckout.storyboard in Resources */ = {isa = PBXBuildFile; fileRef = D051A71A1E3111D800A139C9 /* ProductCheckout.storyboard */; };
		D051A71D1E31159A00A139C9 /* ProductCheckoutViewController.swift in Sources */ = {isa = PBXBuildFile; fileRef = D051A71C1E31159A00A139C9 /* ProductCheckoutViewController.swift */; };
		D05A65471E33F86100540FBF /* CheckoutSuccessViewController.swift in Sources */ = {isa = PBXBuildFile; fileRef = D05A65461E33F86100540FBF /* CheckoutSuccessViewController.swift */; };
		D05A65491E34006100540FBF /* CheckoutSuccessCollectionViewCell.swift in Sources */ = {isa = PBXBuildFile; fileRef = D05A65481E34006100540FBF /* CheckoutSuccessCollectionViewCell.swift */; };
		D0AB4AC51E295149002FCB8C /* AppDelegate.swift in Sources */ = {isa = PBXBuildFile; fileRef = D0AB4AC41E295149002FCB8C /* AppDelegate.swift */; };
		D0AB4AC71E295149002FCB8C /* ViewController.swift in Sources */ = {isa = PBXBuildFile; fileRef = D0AB4AC61E295149002FCB8C /* ViewController.swift */; };
		D0AB4ACA1E295149002FCB8C /* Main.storyboard in Resources */ = {isa = PBXBuildFile; fileRef = D0AB4AC81E295149002FCB8C /* Main.storyboard */; };
		D0AB4ACC1E295149002FCB8C /* Assets.xcassets in Resources */ = {isa = PBXBuildFile; fileRef = D0AB4ACB1E295149002FCB8C /* Assets.xcassets */; };
		D0AB4ACF1E295149002FCB8C /* LaunchScreen.storyboard in Resources */ = {isa = PBXBuildFile; fileRef = D0AB4ACD1E295149002FCB8C /* LaunchScreen.storyboard */; };
		D0AB4ADA1E295149002FCB8C /* MezzaTests.swift in Sources */ = {isa = PBXBuildFile; fileRef = D0AB4AD91E295149002FCB8C /* MezzaTests.swift */; };
		D0AB4AE51E2968CB002FCB8C /* User.swift in Sources */ = {isa = PBXBuildFile; fileRef = D0AB4AE41E2968CB002FCB8C /* User.swift */; };
		D0AB4B091E2EA974002FCB8C /* GoogleService-Info.plist in Resources */ = {isa = PBXBuildFile; fileRef = D0AB4B081E2EA974002FCB8C /* GoogleService-Info.plist */; };
		D0AB4B0B1E2EBCAF002FCB8C /* HomeFeedCollectionViewCell.swift in Sources */ = {isa = PBXBuildFile; fileRef = D0AB4B0A1E2EBCAF002FCB8C /* HomeFeedCollectionViewCell.swift */; };
		D0AB4B0E1E2EC4CF002FCB8C /* DataModel.swift in Sources */ = {isa = PBXBuildFile; fileRef = D0AB4B0D1E2EC4CF002FCB8C /* DataModel.swift */; };
/* End PBXBuildFile section */

/* Begin PBXContainerItemProxy section */
		D0AB4AD61E295149002FCB8C /* PBXContainerItemProxy */ = {
			isa = PBXContainerItemProxy;
			containerPortal = D0AB4AB91E295148002FCB8C /* Project object */;
			proxyType = 1;
			remoteGlobalIDString = D0AB4AC01E295148002FCB8C;
			remoteInfo = Mezza;
		};
/* End PBXContainerItemProxy section */

/* Begin PBXFileReference section */
		040ED3801E356B8F00611BBD /* OrderStatusPopUpViewController.swift */ = {isa = PBXFileReference; fileEncoding = 4; lastKnownFileType = sourcecode.swift; path = OrderStatusPopUpViewController.swift; sourceTree = "<group>"; };
		04135B401E3014FF008B5BED /* FeedItemDetailsViewController.swift */ = {isa = PBXFileReference; fileEncoding = 4; lastKnownFileType = sourcecode.swift; path = FeedItemDetailsViewController.swift; sourceTree = "<group>"; };
		041A9B6A1E2FF860001108C6 /* Login.storyboard */ = {isa = PBXFileReference; fileEncoding = 4; lastKnownFileType = file.storyboard; path = Login.storyboard; sourceTree = "<group>"; };
		041A9B6E1E2FF893001108C6 /* LoginVC.swift */ = {isa = PBXFileReference; fileEncoding = 4; lastKnownFileType = sourcecode.swift; path = LoginVC.swift; sourceTree = "<group>"; };
		043399CE1E296724006AA6CD /* ProductModel.swift */ = {isa = PBXFileReference; fileEncoding = 4; lastKnownFileType = sourcecode.swift; path = ProductModel.swift; sourceTree = "<group>"; };
		049142221E2EA99700C2DC4B /* HomeFeedStoryboard.storyboard */ = {isa = PBXFileReference; fileEncoding = 4; lastKnownFileType = file.storyboard; path = HomeFeedStoryboard.storyboard; sourceTree = "<group>"; };
		049142251E2EAA5E00C2DC4B /* HomeFeedViewController.swift */ = {isa = PBXFileReference; fileEncoding = 4; lastKnownFileType = sourcecode.swift; path = HomeFeedViewController.swift; sourceTree = "<group>"; };
		04EB47141E326CF500C3B0F6 /* SizePopUpViewController.swift */ = {isa = PBXFileReference; fileEncoding = 4; lastKnownFileType = sourcecode.swift; path = SizePopUpViewController.swift; sourceTree = "<group>"; };
		04EB47161E32A20A00C3B0F6 /* OrderDetailsViewController.swift */ = {isa = PBXFileReference; fileEncoding = 4; lastKnownFileType = sourcecode.swift; path = OrderDetailsViewController.swift; sourceTree = "<group>"; };
		04EB47181E32F65300C3B0F6 /* OrdersMainViewController.swift */ = {isa = PBXFileReference; fileEncoding = 4; lastKnownFileType = sourcecode.swift; path = OrdersMainViewController.swift; sourceTree = "<group>"; };
		04EB471A1E32F7F100C3B0F6 /* OrdersTableViewCell.swift */ = {isa = PBXFileReference; fileEncoding = 4; lastKnownFileType = sourcecode.swift; path = OrdersTableViewCell.swift; sourceTree = "<group>"; };
		04FDE41C1E33E0F000153C7A /* Mezza.entitlements */ = {isa = PBXFileReference; lastKnownFileType = text.plist.entitlements; path = Mezza.entitlements; sourceTree = "<group>"; };
		35766F80A72BFFC44DAE0BB6 /* Pods-Mezza.release.xcconfig */ = {isa = PBXFileReference; includeInIndex = 1; lastKnownFileType = text.xcconfig; name = "Pods-Mezza.release.xcconfig"; path = "Pods/Target Support Files/Pods-Mezza/Pods-Mezza.release.xcconfig"; sourceTree = "<group>"; };
		420F608A1E2EAB6E00D67E58 /* Login.storyboard */ = {isa = PBXFileReference; fileEncoding = 4; lastKnownFileType = file.storyboard; path = Login.storyboard; sourceTree = "<group>"; };
		420F60921E300A9D00D67E58 /* UserFeedStoryboard.storyboard */ = {isa = PBXFileReference; fileEncoding = 4; lastKnownFileType = file.storyboard; path = UserFeedStoryboard.storyboard; sourceTree = "<group>"; };
		420F60941E300CDD00D67E58 /* InventoryViewController.swift */ = {isa = PBXFileReference; fileEncoding = 4; lastKnownFileType = sourcecode.swift; path = InventoryViewController.swift; sourceTree = "<group>"; };
		420F60961E3011E700D67E58 /* InventoryCollectionViewCell.swift */ = {isa = PBXFileReference; fileEncoding = 4; lastKnownFileType = sourcecode.swift; path = InventoryCollectionViewCell.swift; sourceTree = "<group>"; };
		4287C4551E31595C001EF191 /* UploadInventory.storyboard */ = {isa = PBXFileReference; fileEncoding = 4; lastKnownFileType = file.storyboard; path = UploadInventory.storyboard; sourceTree = "<group>"; };
		4287C4581E324DCA001EF191 /* BuyerOrderFeed.storyboard */ = {isa = PBXFileReference; fileEncoding = 4; lastKnownFileType = file.storyboard; path = BuyerOrderFeed.storyboard; sourceTree = "<group>"; };
		4287C45C1E32813E001EF191 /* BuyerOrderFeedCell.swift */ = {isa = PBXFileReference; fileEncoding = 4; lastKnownFileType = sourcecode.swift; path = BuyerOrderFeedCell.swift; sourceTree = "<group>"; };
		4287C45E1E328C48001EF191 /* Profile.storyboard */ = {isa = PBXFileReference; fileEncoding = 4; lastKnownFileType = file.storyboard; path = Profile.storyboard; sourceTree = "<group>"; };
		4287C4601E328D9C001EF191 /* ProfileViewController.swift */ = {isa = PBXFileReference; fileEncoding = 4; lastKnownFileType = sourcecode.swift; path = ProfileViewController.swift; sourceTree = "<group>"; };
		4287C4621E32A95C001EF191 /* ProfileEditViewController.swift */ = {isa = PBXFileReference; fileEncoding = 4; lastKnownFileType = sourcecode.swift; path = ProfileEditViewController.swift; sourceTree = "<group>"; };
		4287C4641E33DCBE001EF191 /* MainTabBarController.swift */ = {isa = PBXFileReference; fileEncoding = 4; lastKnownFileType = sourcecode.swift; path = MainTabBarController.swift; sourceTree = "<group>"; };
		4287C4661E365F86001EF191 /* ItemDetailStoryboard.storyboard */ = {isa = PBXFileReference; fileEncoding = 4; lastKnownFileType = file.storyboard; path = ItemDetailStoryboard.storyboard; sourceTree = "<group>"; };
		42F0490F1E29672800F45B96 /* Thread.swift */ = {isa = PBXFileReference; fileEncoding = 4; lastKnownFileType = sourcecode.swift; path = Thread.swift; sourceTree = "<group>"; };
		842255331E3299BC00D6D7C9 /* EnterSizeViewController.swift */ = {isa = PBXFileReference; fileEncoding = 4; lastKnownFileType = sourcecode.swift; path = EnterSizeViewController.swift; sourceTree = "<group>"; };
		845E57691E2EC80D00A06511 /* OnBoardingVendor.storyboard */ = {isa = PBXFileReference; fileEncoding = 4; lastKnownFileType = file.storyboard; path = OnBoardingVendor.storyboard; sourceTree = "<group>"; };
		845E576B1E2EC8A400A06511 /* OnBoardViewController1.swift */ = {isa = PBXFileReference; fileEncoding = 4; lastKnownFileType = sourcecode.swift; path = OnBoardViewController1.swift; sourceTree = "<group>"; };
		845E576D1E2ECAF700A06511 /* OnBoardViewController2.swift */ = {isa = PBXFileReference; fileEncoding = 4; lastKnownFileType = sourcecode.swift; path = OnBoardViewController2.swift; sourceTree = "<group>"; };
		845E576F1E2ED9E300A06511 /* OnBoardViewController3.swift */ = {isa = PBXFileReference; fileEncoding = 4; lastKnownFileType = sourcecode.swift; path = OnBoardViewController3.swift; sourceTree = "<group>"; };
		84A33E0C1E319C31007ACFF9 /* ProductUploadViewController.swift */ = {isa = PBXFileReference; fileEncoding = 4; lastKnownFileType = sourcecode.swift; path = ProductUploadViewController.swift; sourceTree = "<group>"; };
		84A33E0E1E31A4CD007ACFF9 /* SizeCellTableViewCell.swift */ = {isa = PBXFileReference; fileEncoding = 4; lastKnownFileType = sourcecode.swift; path = SizeCellTableViewCell.swift; sourceTree = "<group>"; };
		84FE2D351E2967620032E186 /* Order.swift */ = {isa = PBXFileReference; fileEncoding = 4; lastKnownFileType = sourcecode.swift; name = Order.swift; path = ../Order.swift; sourceTree = "<group>"; };
		8E9ADB6D28851EA67D6459E2 /* Pods-Mezza.debug.xcconfig */ = {isa = PBXFileReference; includeInIndex = 1; lastKnownFileType = text.xcconfig; name = "Pods-Mezza.debug.xcconfig"; path = "Pods/Target Support Files/Pods-Mezza/Pods-Mezza.debug.xcconfig"; sourceTree = "<group>"; };
		D0258B0E1E325FDD008E8C5C /* Info.plist */ = {isa = PBXFileReference; fileEncoding = 4; lastKnownFileType = text.plist.xml; path = Info.plist; sourceTree = "<group>"; };
		D051A71A1E3111D800A139C9 /* ProductCheckout.storyboard */ = {isa = PBXFileReference; fileEncoding = 4; lastKnownFileType = file.storyboard; path = ProductCheckout.storyboard; sourceTree = "<group>"; };
		D051A71C1E31159A00A139C9 /* ProductCheckoutViewController.swift */ = {isa = PBXFileReference; fileEncoding = 4; lastKnownFileType = sourcecode.swift; path = ProductCheckoutViewController.swift; sourceTree = "<group>"; };
		D05A65461E33F86100540FBF /* CheckoutSuccessViewController.swift */ = {isa = PBXFileReference; fileEncoding = 4; lastKnownFileType = sourcecode.swift; path = CheckoutSuccessViewController.swift; sourceTree = "<group>"; };
		D05A65481E34006100540FBF /* CheckoutSuccessCollectionViewCell.swift */ = {isa = PBXFileReference; fileEncoding = 4; lastKnownFileType = sourcecode.swift; path = CheckoutSuccessCollectionViewCell.swift; sourceTree = "<group>"; };
		D0AB4AC11E295148002FCB8C /* Mezza.app */ = {isa = PBXFileReference; explicitFileType = wrapper.application; includeInIndex = 0; path = Mezza.app; sourceTree = BUILT_PRODUCTS_DIR; };
		D0AB4AC41E295149002FCB8C /* AppDelegate.swift */ = {isa = PBXFileReference; lastKnownFileType = sourcecode.swift; path = AppDelegate.swift; sourceTree = "<group>"; };
		D0AB4AC61E295149002FCB8C /* ViewController.swift */ = {isa = PBXFileReference; lastKnownFileType = sourcecode.swift; path = ViewController.swift; sourceTree = "<group>"; };
		D0AB4AC91E295149002FCB8C /* Base */ = {isa = PBXFileReference; lastKnownFileType = file.storyboard; name = Base; path = Base.lproj/Main.storyboard; sourceTree = "<group>"; };
		D0AB4ACB1E295149002FCB8C /* Assets.xcassets */ = {isa = PBXFileReference; lastKnownFileType = folder.assetcatalog; path = Assets.xcassets; sourceTree = "<group>"; };
		D0AB4ACE1E295149002FCB8C /* Base */ = {isa = PBXFileReference; lastKnownFileType = file.storyboard; name = Base; path = Base.lproj/LaunchScreen.storyboard; sourceTree = "<group>"; };
		D0AB4AD51E295149002FCB8C /* MezzaTests.xctest */ = {isa = PBXFileReference; explicitFileType = wrapper.cfbundle; includeInIndex = 0; path = MezzaTests.xctest; sourceTree = BUILT_PRODUCTS_DIR; };
		D0AB4AD91E295149002FCB8C /* MezzaTests.swift */ = {isa = PBXFileReference; lastKnownFileType = sourcecode.swift; path = MezzaTests.swift; sourceTree = "<group>"; };
		D0AB4ADB1E295149002FCB8C /* Info.plist */ = {isa = PBXFileReference; lastKnownFileType = text.plist.xml; path = Info.plist; sourceTree = "<group>"; };
		D0AB4AE41E2968CB002FCB8C /* User.swift */ = {isa = PBXFileReference; fileEncoding = 4; lastKnownFileType = sourcecode.swift; path = User.swift; sourceTree = "<group>"; };
		D0AB4B081E2EA974002FCB8C /* GoogleService-Info.plist */ = {isa = PBXFileReference; fileEncoding = 4; lastKnownFileType = text.plist.xml; path = "GoogleService-Info.plist"; sourceTree = "<group>"; };
		D0AB4B0A1E2EBCAF002FCB8C /* HomeFeedCollectionViewCell.swift */ = {isa = PBXFileReference; fileEncoding = 4; lastKnownFileType = sourcecode.swift; path = HomeFeedCollectionViewCell.swift; sourceTree = "<group>"; };
		D0AB4B0D1E2EC4CF002FCB8C /* DataModel.swift */ = {isa = PBXFileReference; fileEncoding = 4; lastKnownFileType = sourcecode.swift; path = DataModel.swift; sourceTree = "<group>"; };
		FDF44A809AC545ADEED69E0C /* Pods_Mezza.framework */ = {isa = PBXFileReference; explicitFileType = wrapper.framework; includeInIndex = 0; path = Pods_Mezza.framework; sourceTree = BUILT_PRODUCTS_DIR; };
/* End PBXFileReference section */

/* Begin PBXFrameworksBuildPhase section */
		D0AB4ABE1E295148002FCB8C /* Frameworks */ = {
			isa = PBXFrameworksBuildPhase;
			buildActionMask = 2147483647;
			files = (
				007A70D2BDA5BFB53F0910D0 /* Pods_Mezza.framework in Frameworks */,
			);
			runOnlyForDeploymentPostprocessing = 0;
		};
		D0AB4AD21E295149002FCB8C /* Frameworks */ = {
			isa = PBXFrameworksBuildPhase;
			buildActionMask = 2147483647;
			files = (
			);
			runOnlyForDeploymentPostprocessing = 0;
		};
/* End PBXFrameworksBuildPhase section */

/* Begin PBXGroup section */
		049142211E2EA95500C2DC4B /* Storyboards */ = {
			isa = PBXGroup;
			children = (
				845E57691E2EC80D00A06511 /* OnBoardingVendor.storyboard */,
				D0AB4AC81E295149002FCB8C /* Main.storyboard */,
				041A9B6A1E2FF860001108C6 /* Login.storyboard */,
				420F60921E300A9D00D67E58 /* UserFeedStoryboard.storyboard */,
				049142221E2EA99700C2DC4B /* HomeFeedStoryboard.storyboard */,
				4287C4661E365F86001EF191 /* ItemDetailStoryboard.storyboard */,
				D051A71A1E3111D800A139C9 /* ProductCheckout.storyboard */,
				4287C4551E31595C001EF191 /* UploadInventory.storyboard */,
				4287C4581E324DCA001EF191 /* BuyerOrderFeed.storyboard */,
				4287C45E1E328C48001EF191 /* Profile.storyboard */,
			);
			name = Storyboards;
			sourceTree = "<group>";
		};
		049142241E2EA9DD00C2DC4B /* Logic */ = {
			isa = PBXGroup;
			children = (
				D0AB4AC61E295149002FCB8C /* ViewController.swift */,
				D0AB4AC41E295149002FCB8C /* AppDelegate.swift */,
				845E576B1E2EC8A400A06511 /* OnBoardViewController1.swift */,
				845E576D1E2ECAF700A06511 /* OnBoardViewController2.swift */,
				845E576F1E2ED9E300A06511 /* OnBoardViewController3.swift */,
				041A9B6E1E2FF893001108C6 /* LoginVC.swift */,
				049142251E2EAA5E00C2DC4B /* HomeFeedViewController.swift */,
				D0AB4B0A1E2EBCAF002FCB8C /* HomeFeedCollectionViewCell.swift */,
				420F60941E300CDD00D67E58 /* InventoryViewController.swift */,
				420F60961E3011E700D67E58 /* InventoryCollectionViewCell.swift */,
				04135B401E3014FF008B5BED /* FeedItemDetailsViewController.swift */,
				D051A71C1E31159A00A139C9 /* ProductCheckoutViewController.swift */,
				D05A65461E33F86100540FBF /* CheckoutSuccessViewController.swift */,
				D05A65481E34006100540FBF /* CheckoutSuccessCollectionViewCell.swift */,
				84A33E0C1E319C31007ACFF9 /* ProductUploadViewController.swift */,
				84A33E0E1E31A4CD007ACFF9 /* SizeCellTableViewCell.swift */,
				04EB47141E326CF500C3B0F6 /* SizePopUpViewController.swift */,
				4287C45C1E32813E001EF191 /* BuyerOrderFeedCell.swift */,
				4287C4601E328D9C001EF191 /* ProfileViewController.swift */,
				4287C4621E32A95C001EF191 /* ProfileEditViewController.swift */,
				04EB47161E32A20A00C3B0F6 /* OrderDetailsViewController.swift */,
				040ED3801E356B8F00611BBD /* OrderStatusPopUpViewController.swift */,
				04EB47181E32F65300C3B0F6 /* OrdersMainViewController.swift */,
				04EB471A1E32F7F100C3B0F6 /* OrdersTableViewCell.swift */,
				842255331E3299BC00D6D7C9 /* EnterSizeViewController.swift */,
			);
			name = Logic;
			sourceTree = "<group>";
		};
		D0AB4AB81E295147002FCB8C = {
			isa = PBXGroup;
			children = (
				D0AB4AC31E295148002FCB8C /* Mezza */,
				D0AB4AD81E295149002FCB8C /* MezzaTests */,
				D0AB4AC21E295148002FCB8C /* Products */,
				D751A2B7F6E5177DAA999AF3 /* Pods */,
				F83DFC111FD4D15ECC1A2449 /* Frameworks */,
			);
			sourceTree = "<group>";
		};
		D0AB4AC21E295148002FCB8C /* Products */ = {
			isa = PBXGroup;
			children = (
				D0AB4AC11E295148002FCB8C /* Mezza.app */,
				D0AB4AD51E295149002FCB8C /* MezzaTests.xctest */,
			);
			name = Products;
			sourceTree = "<group>";
		};
		D0AB4AC31E295148002FCB8C /* Mezza */ = {
			isa = PBXGroup;
			children = (
				04FDE41C1E33E0F000153C7A /* Mezza.entitlements */,
				D0AB4B0C1E2EC4B8002FCB8C /* Data */,
				049142241E2EA9DD00C2DC4B /* Logic */,
				049142211E2EA95500C2DC4B /* Storyboards */,
				D0AB4B061E2E6AD3002FCB8C /* Classes */,
				D0AB4ACB1E295149002FCB8C /* Assets.xcassets */,
				D0AB4ACD1E295149002FCB8C /* LaunchScreen.storyboard */,
				420F608A1E2EAB6E00D67E58 /* Login.storyboard */,
				D0AB4B081E2EA974002FCB8C /* GoogleService-Info.plist */,
				D0258B0E1E325FDD008E8C5C /* Info.plist */,
			);
			path = Mezza;
			sourceTree = "<group>";
		};
		D0AB4AD81E295149002FCB8C /* MezzaTests */ = {
			isa = PBXGroup;
			children = (
				D0AB4AD91E295149002FCB8C /* MezzaTests.swift */,
				D0AB4ADB1E295149002FCB8C /* Info.plist */,
			);
			path = MezzaTests;
			sourceTree = "<group>";
		};
		D0AB4B061E2E6AD3002FCB8C /* Classes */ = {
			isa = PBXGroup;
			children = (
				84FE2D351E2967620032E186 /* Order.swift */,
				D0AB4AE41E2968CB002FCB8C /* User.swift */,
				42F0490F1E29672800F45B96 /* Thread.swift */,
				043399CE1E296724006AA6CD /* ProductModel.swift */,
			);
			name = Classes;
			sourceTree = "<group>";
		};
		D0AB4B0C1E2EC4B8002FCB8C /* Data */ = {
			isa = PBXGroup;
			children = (
				D0AB4B0D1E2EC4CF002FCB8C /* DataModel.swift */,
				4287C4641E33DCBE001EF191 /* MainTabBarController.swift */,
			);
			name = Data;
			sourceTree = "<group>";
		};
		D751A2B7F6E5177DAA999AF3 /* Pods */ = {
			isa = PBXGroup;
			children = (
				8E9ADB6D28851EA67D6459E2 /* Pods-Mezza.debug.xcconfig */,
				35766F80A72BFFC44DAE0BB6 /* Pods-Mezza.release.xcconfig */,
			);
			name = Pods;
			sourceTree = "<group>";
		};
		F83DFC111FD4D15ECC1A2449 /* Frameworks */ = {
			isa = PBXGroup;
			children = (
				FDF44A809AC545ADEED69E0C /* Pods_Mezza.framework */,
			);
			name = Frameworks;
			sourceTree = "<group>";
		};
/* End PBXGroup section */

/* Begin PBXNativeTarget section */
		D0AB4AC01E295148002FCB8C /* Mezza */ = {
			isa = PBXNativeTarget;
			buildConfigurationList = D0AB4ADE1E29514A002FCB8C /* Build configuration list for PBXNativeTarget "Mezza" */;
			buildPhases = (
				7253B4B382EC1909ED4AC122 /* [CP] Check Pods Manifest.lock */,
				D0AB4ABD1E295148002FCB8C /* Sources */,
				D0AB4ABE1E295148002FCB8C /* Frameworks */,
				D0AB4ABF1E295148002FCB8C /* Resources */,
				731CF7463FD26B3AF0FBA98E /* [CP] Embed Pods Frameworks */,
				CFD933D3B1B7D2E45F30DD9E /* [CP] Copy Pods Resources */,
			);
			buildRules = (
			);
			dependencies = (
			);
			name = Mezza;
			productName = Mezza;
			productReference = D0AB4AC11E295148002FCB8C /* Mezza.app */;
			productType = "com.apple.product-type.application";
		};
		D0AB4AD41E295149002FCB8C /* MezzaTests */ = {
			isa = PBXNativeTarget;
			buildConfigurationList = D0AB4AE11E29514A002FCB8C /* Build configuration list for PBXNativeTarget "MezzaTests" */;
			buildPhases = (
				D0AB4AD11E295149002FCB8C /* Sources */,
				D0AB4AD21E295149002FCB8C /* Frameworks */,
				D0AB4AD31E295149002FCB8C /* Resources */,
			);
			buildRules = (
			);
			dependencies = (
				D0AB4AD71E295149002FCB8C /* PBXTargetDependency */,
			);
			name = MezzaTests;
			productName = MezzaTests;
			productReference = D0AB4AD51E295149002FCB8C /* MezzaTests.xctest */;
			productType = "com.apple.product-type.bundle.unit-test";
		};
/* End PBXNativeTarget section */

/* Begin PBXProject section */
		D0AB4AB91E295148002FCB8C /* Project object */ = {
			isa = PBXProject;
			attributes = {
				LastSwiftUpdateCheck = 0820;
				LastUpgradeCheck = 0820;
				ORGANIZATIONNAME = "Alex Mitchell";
				TargetAttributes = {
					D0AB4AC01E295148002FCB8C = {
						CreatedOnToolsVersion = 8.2.1;
						DevelopmentTeam = SLXQD48E5E;
						ProvisioningStyle = Automatic;
						SystemCapabilities = {
							com.apple.Keychain = {
								enabled = 1;
							};
						};
					};
					D0AB4AD41E295149002FCB8C = {
						CreatedOnToolsVersion = 8.2.1;
						DevelopmentTeam = SLXQD48E5E;
						ProvisioningStyle = Automatic;
						TestTargetID = D0AB4AC01E295148002FCB8C;
					};
				};
			};
			buildConfigurationList = D0AB4ABC1E295148002FCB8C /* Build configuration list for PBXProject "Mezza" */;
			compatibilityVersion = "Xcode 3.2";
			developmentRegion = English;
			hasScannedForEncodings = 0;
			knownRegions = (
				en,
				Base,
			);
			mainGroup = D0AB4AB81E295147002FCB8C;
			productRefGroup = D0AB4AC21E295148002FCB8C /* Products */;
			projectDirPath = "";
			projectRoot = "";
			targets = (
				D0AB4AC01E295148002FCB8C /* Mezza */,
				D0AB4AD41E295149002FCB8C /* MezzaTests */,
			);
		};
/* End PBXProject section */

/* Begin PBXResourcesBuildPhase section */
		D0AB4ABF1E295148002FCB8C /* Resources */ = {
			isa = PBXResourcesBuildPhase;
			buildActionMask = 2147483647;
			files = (
				420F60931E300A9D00D67E58 /* UserFeedStoryboard.storyboard in Resources */,
				D051A71B1E3111D800A139C9 /* ProductCheckout.storyboard in Resources */,
				041A9B6C1E2FF860001108C6 /* Login.storyboard in Resources */,
				D0AB4B091E2EA974002FCB8C /* GoogleService-Info.plist in Resources */,
				D0AB4ACF1E295149002FCB8C /* LaunchScreen.storyboard in Resources */,
				D0AB4ACC1E295149002FCB8C /* Assets.xcassets in Resources */,
				049142231E2EA99700C2DC4B /* HomeFeedStoryboard.storyboard in Resources */,
				4287C4591E324DCA001EF191 /* BuyerOrderFeed.storyboard in Resources */,
				D0258B0F1E325FDD008E8C5C /* Info.plist in Resources */,
				4287C4671E365F86001EF191 /* ItemDetailStoryboard.storyboard in Resources */,
				D0AB4ACA1E295149002FCB8C /* Main.storyboard in Resources */,
				4287C45F1E328C48001EF191 /* Profile.storyboard in Resources */,
				4287C4561E31595C001EF191 /* UploadInventory.storyboard in Resources */,
				845E576A1E2EC80D00A06511 /* OnBoardingVendor.storyboard in Resources */,
			);
			runOnlyForDeploymentPostprocessing = 0;
		};
		D0AB4AD31E295149002FCB8C /* Resources */ = {
			isa = PBXResourcesBuildPhase;
			buildActionMask = 2147483647;
			files = (
			);
			runOnlyForDeploymentPostprocessing = 0;
		};
/* End PBXResourcesBuildPhase section */

/* Begin PBXShellScriptBuildPhase section */
		7253B4B382EC1909ED4AC122 /* [CP] Check Pods Manifest.lock */ = {
			isa = PBXShellScriptBuildPhase;
			buildActionMask = 2147483647;
			files = (
			);
			inputPaths = (
			);
			name = "[CP] Check Pods Manifest.lock";
			outputPaths = (
			);
			runOnlyForDeploymentPostprocessing = 0;
			shellPath = /bin/sh;
			shellScript = "diff \"${PODS_ROOT}/../Podfile.lock\" \"${PODS_ROOT}/Manifest.lock\" > /dev/null\nif [ $? != 0 ] ; then\n    # print error to STDERR\n    echo \"error: The sandbox is not in sync with the Podfile.lock. Run 'pod install' or update your CocoaPods installation.\" >&2\n    exit 1\nfi\n";
			showEnvVarsInLog = 0;
		};
		731CF7463FD26B3AF0FBA98E /* [CP] Embed Pods Frameworks */ = {
			isa = PBXShellScriptBuildPhase;
			buildActionMask = 2147483647;
			files = (
			);
			inputPaths = (
			);
			name = "[CP] Embed Pods Frameworks";
			outputPaths = (
			);
			runOnlyForDeploymentPostprocessing = 0;
			shellPath = /bin/sh;
			shellScript = "\"${SRCROOT}/Pods/Target Support Files/Pods-Mezza/Pods-Mezza-frameworks.sh\"\n";
			showEnvVarsInLog = 0;
		};
		CFD933D3B1B7D2E45F30DD9E /* [CP] Copy Pods Resources */ = {
			isa = PBXShellScriptBuildPhase;
			buildActionMask = 2147483647;
			files = (
			);
			inputPaths = (
			);
			name = "[CP] Copy Pods Resources";
			outputPaths = (
			);
			runOnlyForDeploymentPostprocessing = 0;
			shellPath = /bin/sh;
			shellScript = "\"${SRCROOT}/Pods/Target Support Files/Pods-Mezza/Pods-Mezza-resources.sh\"\n";
			showEnvVarsInLog = 0;
		};
/* End PBXShellScriptBuildPhase section */

/* Begin PBXSourcesBuildPhase section */
		D0AB4ABD1E295148002FCB8C /* Sources */ = {
			isa = PBXSourcesBuildPhase;
			buildActionMask = 2147483647;
			files = (
				4287C4651E33DCBE001EF191 /* MainTabBarController.swift in Sources */,
				84FE2D361E2967620032E186 /* Order.swift in Sources */,
				D0AB4AC71E295149002FCB8C /* ViewController.swift in Sources */,
				04EB47151E326CF500C3B0F6 /* SizePopUpViewController.swift in Sources */,
				84A33E0F1E31A4CD007ACFF9 /* SizeCellTableViewCell.swift in Sources */,
				041A9B6F1E2FF893001108C6 /* LoginVC.swift in Sources */,
				420F60951E300CDD00D67E58 /* InventoryViewController.swift in Sources */,
				42F049101E29672800F45B96 /* Thread.swift in Sources */,
				84A33E0D1E319C31007ACFF9 /* ProductUploadViewController.swift in Sources */,
				04135B411E3014FF008B5BED /* FeedItemDetailsViewController.swift in Sources */,
				040ED3811E356B8F00611BBD /* OrderStatusPopUpViewController.swift in Sources */,
				4287C4611E328D9C001EF191 /* ProfileViewController.swift in Sources */,
				04EB471B1E32F7F100C3B0F6 /* OrdersTableViewCell.swift in Sources */,
				049142261E2EAA5E00C2DC4B /* HomeFeedViewController.swift in Sources */,
				043399CF1E296724006AA6CD /* ProductModel.swift in Sources */,
				04EB47171E32A20A00C3B0F6 /* OrderDetailsViewController.swift in Sources */,
				842255341E3299BC00D6D7C9 /* EnterSizeViewController.swift in Sources */,
				D051A71D1E31159A00A139C9 /* ProductCheckoutViewController.swift in Sources */,
				845E576C1E2EC8A400A06511 /* OnBoardViewController1.swift in Sources */,
				845E576E1E2ECAF700A06511 /* OnBoardViewController2.swift in Sources */,
				D05A65471E33F86100540FBF /* CheckoutSuccessViewController.swift in Sources */,
				420F60971E3011E700D67E58 /* InventoryCollectionViewCell.swift in Sources */,
				04EB47191E32F65300C3B0F6 /* OrdersMainViewController.swift in Sources */,
				D0AB4AC51E295149002FCB8C /* AppDelegate.swift in Sources */,
				845E57701E2ED9E300A06511 /* OnBoardViewController3.swift in Sources */,
				D0AB4B0B1E2EBCAF002FCB8C /* HomeFeedCollectionViewCell.swift in Sources */,
				D0AB4AE51E2968CB002FCB8C /* User.swift in Sources */,
				4287C4631E32A95C001EF191 /* ProfileEditViewController.swift in Sources */,
				D05A65491E34006100540FBF /* CheckoutSuccessCollectionViewCell.swift in Sources */,
				D0AB4B0E1E2EC4CF002FCB8C /* DataModel.swift in Sources */,
				4287C45D1E32813E001EF191 /* BuyerOrderFeedCell.swift in Sources */,
			);
			runOnlyForDeploymentPostprocessing = 0;
		};
		D0AB4AD11E295149002FCB8C /* Sources */ = {
			isa = PBXSourcesBuildPhase;
			buildActionMask = 2147483647;
			files = (
				D0AB4ADA1E295149002FCB8C /* MezzaTests.swift in Sources */,
			);
			runOnlyForDeploymentPostprocessing = 0;
		};
/* End PBXSourcesBuildPhase section */

/* Begin PBXTargetDependency section */
		D0AB4AD71E295149002FCB8C /* PBXTargetDependency */ = {
			isa = PBXTargetDependency;
			target = D0AB4AC01E295148002FCB8C /* Mezza */;
			targetProxy = D0AB4AD61E295149002FCB8C /* PBXContainerItemProxy */;
		};
/* End PBXTargetDependency section */

/* Begin PBXVariantGroup section */
		D0AB4AC81E295149002FCB8C /* Main.storyboard */ = {
			isa = PBXVariantGroup;
			children = (
				D0AB4AC91E295149002FCB8C /* Base */,
			);
			name = Main.storyboard;
			sourceTree = "<group>";
		};
		D0AB4ACD1E295149002FCB8C /* LaunchScreen.storyboard */ = {
			isa = PBXVariantGroup;
			children = (
				D0AB4ACE1E295149002FCB8C /* Base */,
			);
			name = LaunchScreen.storyboard;
			sourceTree = "<group>";
		};
/* End PBXVariantGroup section */

/* Begin XCBuildConfiguration section */
		D0AB4ADC1E295149002FCB8C /* Debug */ = {
			isa = XCBuildConfiguration;
			buildSettings = {
				ALWAYS_SEARCH_USER_PATHS = NO;
				CLANG_ANALYZER_NONNULL = YES;
				CLANG_CXX_LANGUAGE_STANDARD = "gnu++0x";
				CLANG_CXX_LIBRARY = "libc++";
				CLANG_ENABLE_MODULES = YES;
				CLANG_ENABLE_OBJC_ARC = YES;
				CLANG_WARN_BOOL_CONVERSION = YES;
				CLANG_WARN_CONSTANT_CONVERSION = YES;
				CLANG_WARN_DIRECT_OBJC_ISA_USAGE = YES_ERROR;
				CLANG_WARN_DOCUMENTATION_COMMENTS = YES;
				CLANG_WARN_EMPTY_BODY = YES;
				CLANG_WARN_ENUM_CONVERSION = YES;
				CLANG_WARN_INFINITE_RECURSION = YES;
				CLANG_WARN_INT_CONVERSION = YES;
				CLANG_WARN_OBJC_ROOT_CLASS = YES_ERROR;
				CLANG_WARN_SUSPICIOUS_MOVE = YES;
				CLANG_WARN_UNREACHABLE_CODE = YES;
				CLANG_WARN__DUPLICATE_METHOD_MATCH = YES;
				"CODE_SIGN_IDENTITY[sdk=iphoneos*]" = "iPhone Developer";
				COPY_PHASE_STRIP = NO;
				DEBUG_INFORMATION_FORMAT = dwarf;
				ENABLE_STRICT_OBJC_MSGSEND = YES;
				ENABLE_TESTABILITY = YES;
				GCC_C_LANGUAGE_STANDARD = gnu99;
				GCC_DYNAMIC_NO_PIC = NO;
				GCC_NO_COMMON_BLOCKS = YES;
				GCC_OPTIMIZATION_LEVEL = 0;
				GCC_PREPROCESSOR_DEFINITIONS = (
					"DEBUG=1",
					"$(inherited)",
				);
				GCC_WARN_64_TO_32_BIT_CONVERSION = YES;
				GCC_WARN_ABOUT_RETURN_TYPE = YES_ERROR;
				GCC_WARN_UNDECLARED_SELECTOR = YES;
				GCC_WARN_UNINITIALIZED_AUTOS = YES_AGGRESSIVE;
				GCC_WARN_UNUSED_FUNCTION = YES;
				GCC_WARN_UNUSED_VARIABLE = YES;
				IPHONEOS_DEPLOYMENT_TARGET = 10.1;
				MTL_ENABLE_DEBUG_INFO = YES;
				ONLY_ACTIVE_ARCH = YES;
				SDKROOT = iphoneos;
				SWIFT_ACTIVE_COMPILATION_CONDITIONS = DEBUG;
				SWIFT_OPTIMIZATION_LEVEL = "-Onone";
			};
			name = Debug;
		};
		D0AB4ADD1E295149002FCB8C /* Release */ = {
			isa = XCBuildConfiguration;
			buildSettings = {
				ALWAYS_SEARCH_USER_PATHS = NO;
				CLANG_ANALYZER_NONNULL = YES;
				CLANG_CXX_LANGUAGE_STANDARD = "gnu++0x";
				CLANG_CXX_LIBRARY = "libc++";
				CLANG_ENABLE_MODULES = YES;
				CLANG_ENABLE_OBJC_ARC = YES;
				CLANG_WARN_BOOL_CONVERSION = YES;
				CLANG_WARN_CONSTANT_CONVERSION = YES;
				CLANG_WARN_DIRECT_OBJC_ISA_USAGE = YES_ERROR;
				CLANG_WARN_DOCUMENTATION_COMMENTS = YES;
				CLANG_WARN_EMPTY_BODY = YES;
				CLANG_WARN_ENUM_CONVERSION = YES;
				CLANG_WARN_INFINITE_RECURSION = YES;
				CLANG_WARN_INT_CONVERSION = YES;
				CLANG_WARN_OBJC_ROOT_CLASS = YES_ERROR;
				CLANG_WARN_SUSPICIOUS_MOVE = YES;
				CLANG_WARN_UNREACHABLE_CODE = YES;
				CLANG_WARN__DUPLICATE_METHOD_MATCH = YES;
				"CODE_SIGN_IDENTITY[sdk=iphoneos*]" = "iPhone Developer";
				COPY_PHASE_STRIP = NO;
				DEBUG_INFORMATION_FORMAT = "dwarf-with-dsym";
				ENABLE_NS_ASSERTIONS = NO;
				ENABLE_STRICT_OBJC_MSGSEND = YES;
				GCC_C_LANGUAGE_STANDARD = gnu99;
				GCC_NO_COMMON_BLOCKS = YES;
				GCC_WARN_64_TO_32_BIT_CONVERSION = YES;
				GCC_WARN_ABOUT_RETURN_TYPE = YES_ERROR;
				GCC_WARN_UNDECLARED_SELECTOR = YES;
				GCC_WARN_UNINITIALIZED_AUTOS = YES_AGGRESSIVE;
				GCC_WARN_UNUSED_FUNCTION = YES;
				GCC_WARN_UNUSED_VARIABLE = YES;
				IPHONEOS_DEPLOYMENT_TARGET = 10.1;
				MTL_ENABLE_DEBUG_INFO = NO;
				SDKROOT = iphoneos;
				SWIFT_OPTIMIZATION_LEVEL = "-Owholemodule";
				VALIDATE_PRODUCT = YES;
			};
			name = Release;
		};
		D0AB4ADF1E29514A002FCB8C /* Debug */ = {
			isa = XCBuildConfiguration;
			baseConfigurationReference = 8E9ADB6D28851EA67D6459E2 /* Pods-Mezza.debug.xcconfig */;
			buildSettings = {
				ASSETCATALOG_COMPILER_APPICON_NAME = AppIcon;
				CODE_SIGN_ENTITLEMENTS = Mezza/Mezza.entitlements;
				DEVELOPMENT_TEAM = SLXQD48E5E;
				INFOPLIST_FILE = Mezza/Info.plist;
				LD_RUNPATH_SEARCH_PATHS = "$(inherited) @executable_path/Frameworks";
				PRODUCT_BUNDLE_IDENTIFIER = group1.Mezza;
				PRODUCT_NAME = "$(TARGET_NAME)";
				SWIFT_VERSION = 3.0;
			};
			name = Debug;
		};
		D0AB4AE01E29514A002FCB8C /* Release */ = {
			isa = XCBuildConfiguration;
			baseConfigurationReference = 35766F80A72BFFC44DAE0BB6 /* Pods-Mezza.release.xcconfig */;
			buildSettings = {
				ASSETCATALOG_COMPILER_APPICON_NAME = AppIcon;
				CODE_SIGN_ENTITLEMENTS = Mezza/Mezza.entitlements;
				DEVELOPMENT_TEAM = SLXQD48E5E;
				INFOPLIST_FILE = Mezza/Info.plist;
				LD_RUNPATH_SEARCH_PATHS = "$(inherited) @executable_path/Frameworks";
				PRODUCT_BUNDLE_IDENTIFIER = group1.Mezza;
				PRODUCT_NAME = "$(TARGET_NAME)";
				SWIFT_VERSION = 3.0;
			};
			name = Release;
		};
		D0AB4AE21E29514A002FCB8C /* Debug */ = {
			isa = XCBuildConfiguration;
			buildSettings = {
				ALWAYS_EMBED_SWIFT_STANDARD_LIBRARIES = YES;
				BUNDLE_LOADER = "$(TEST_HOST)";
				DEVELOPMENT_TEAM = SLXQD48E5E;
				INFOPLIST_FILE = MezzaTests/Info.plist;
				LD_RUNPATH_SEARCH_PATHS = "$(inherited) @executable_path/Frameworks @loader_path/Frameworks";
				PRODUCT_BUNDLE_IDENTIFIER = group1.MezzaTests;
				PRODUCT_NAME = "$(TARGET_NAME)";
				SWIFT_VERSION = 3.0;
				TEST_HOST = "$(BUILT_PRODUCTS_DIR)/Mezza.app/Mezza";
			};
			name = Debug;
		};
		D0AB4AE31E29514A002FCB8C /* Release */ = {
			isa = XCBuildConfiguration;
			buildSettings = {
				ALWAYS_EMBED_SWIFT_STANDARD_LIBRARIES = YES;
				BUNDLE_LOADER = "$(TEST_HOST)";
				DEVELOPMENT_TEAM = SLXQD48E5E;
				INFOPLIST_FILE = MezzaTests/Info.plist;
				LD_RUNPATH_SEARCH_PATHS = "$(inherited) @executable_path/Frameworks @loader_path/Frameworks";
				PRODUCT_BUNDLE_IDENTIFIER = group1.MezzaTests;
				PRODUCT_NAME = "$(TARGET_NAME)";
				SWIFT_VERSION = 3.0;
				TEST_HOST = "$(BUILT_PRODUCTS_DIR)/Mezza.app/Mezza";
			};
			name = Release;
		};
/* End XCBuildConfiguration section */

/* Begin XCConfigurationList section */
		D0AB4ABC1E295148002FCB8C /* Build configuration list for PBXProject "Mezza" */ = {
			isa = XCConfigurationList;
			buildConfigurations = (
				D0AB4ADC1E295149002FCB8C /* Debug */,
				D0AB4ADD1E295149002FCB8C /* Release */,
			);
			defaultConfigurationIsVisible = 0;
			defaultConfigurationName = Release;
		};
		D0AB4ADE1E29514A002FCB8C /* Build configuration list for PBXNativeTarget "Mezza" */ = {
			isa = XCConfigurationList;
			buildConfigurations = (
				D0AB4ADF1E29514A002FCB8C /* Debug */,
				D0AB4AE01E29514A002FCB8C /* Release */,
			);
			defaultConfigurationIsVisible = 0;
			defaultConfigurationName = Release;
		};
		D0AB4AE11E29514A002FCB8C /* Build configuration list for PBXNativeTarget "MezzaTests" */ = {
			isa = XCConfigurationList;
			buildConfigurations = (
				D0AB4AE21E29514A002FCB8C /* Debug */,
				D0AB4AE31E29514A002FCB8C /* Release */,
			);
			defaultConfigurationIsVisible = 0;
			defaultConfigurationName = Release;
		};
/* End XCConfigurationList section */
	};
	rootObject = D0AB4AB91E295148002FCB8C /* Project object */;
}
